{
  "name": "dsbd-sonata-libhydrogen-packaging",
  "version": "0.0.0",
  "lockfileVersion": 3,
  "requires": true,
  "packages": {
    "": {
      "name": "dsbd-sonata-libhydrogen-packaging",
      "version": "0.0.0",
      "hasInstallScript": true,
      "license": "UNLICENSED",
      "engines": {
        "node": ">=20.10.0",
        "npm": ">=10.2.3"
      }
    }
  }
}
